schema: '2.0'
stages:
  prepare:
    cmd: python3.12 src/prepare.py data/raw data/prepared
    deps:
    - path: data/raw
      hash: md5
      md5: ff01c381c7147a9f8be74cfd475b1cf5.dir
      size: 126523292
      nfiles: 13901
    - path: src/prepare.py
      hash: md5
      md5: 4eebf010d346897091c0a342aece4940
      size: 2513
    - path: src/utils/seed.py
      hash: md5
      md5: 963a551c177450f50e4f11bd1a9ab2c7
      size: 437
    params:
      params.yaml:
        prepare:
          seed: 77
          split: 0.2
          image_size:
          - 32
          - 32
          grayscale: true
    outs:
    - path: data/prepared
      hash: md5
      md5: e1f2029bee5907952daee7ba7f3dff15.dir
      size: 57060341
      nfiles: 8
  train:
    cmd: python3.12 src/train.py data/prepared model
    deps:
    - path: data/prepared
      hash: md5
      md5: e1f2029bee5907952daee7ba7f3dff15.dir
      size: 57060341
      nfiles: 8
    - path: src/train.py
      hash: md5
      md5: 1b90535fbb2f87051e31849d53801d8b
      size: 4012
    - path: src/utils/seed.py
      hash: md5
      md5: 963a551c177450f50e4f11bd1a9ab2c7
      size: 437
    params:
      params.yaml:
        train:
          seed: 77
          lr: 0.001
          epochs: 10
          conv_size_1: 64
          conv_size_2: 64
          dense_size: 256
          output_classes: 6
    outs:
    - path: model
      hash: md5
      md5: 1a03fad0048dbfd14840b8cb2675a17b.dir
      size: 14976723
      nfiles: 2
  evaluate:
    cmd: python3.12 src/evaluate.py model data/prepared
    deps:
    - path: model
      hash: md5
      md5: 1a03fad0048dbfd14840b8cb2675a17b.dir
      size: 14976723
      nfiles: 2
    - path: src/evaluate.py
      hash: md5
      md5: 2cfc22b35fb1b932a6ec8c46aa23fea4
      size: 5480
    outs:
    - path: evaluation/metrics.json
      hash: md5
      md5: b2dec1abf49f010d0c4f773a04802d65
      size: 63
    - path: evaluation/plots/confusion_matrix.png
      hash: md5
      md5: 4cc9f28d7dcdad3d708ca24c259a579d
      size: 41412
    - path: evaluation/plots/pred_preview.png
      hash: md5
      md5: 362020bdc256da0ad9d8f93fa6c77e89
      size: 51977
    - path: evaluation/plots/training_history.png
      hash: md5
      md5: 20207faa6b4a2899bfece95acb315cd1
      size: 37621
