schema: '2.0'
stages:
  prepare:
    cmd: python3.12 src/prepare.py data/raw data/prepared
    deps:
    - path: data/raw
      hash: md5
      md5: ff01c381c7147a9f8be74cfd475b1cf5.dir
      size: 126523292
      nfiles: 13901
    - path: src/prepare.py
      hash: md5
      md5: 4eebf010d346897091c0a342aece4940
      size: 2513
    - path: src/utils/seed.py
      hash: md5
      md5: 963a551c177450f50e4f11bd1a9ab2c7
      size: 437
    params:
      params.yaml:
        prepare:
          seed: 77
          split: 0.2
          image_size:
          - 32
          - 32
          grayscale: true
    outs:
    - path: data/prepared
      hash: md5
      md5: e1f2029bee5907952daee7ba7f3dff15.dir
      size: 57060341
      nfiles: 8
  train:
    cmd: python3.12 src/train.py data/prepared model
    deps:
    - path: data/prepared
      hash: md5
      md5: e1f2029bee5907952daee7ba7f3dff15.dir
      size: 57060341
      nfiles: 8
    - path: src/train.py
      hash: md5
      md5: 1b90535fbb2f87051e31849d53801d8b
      size: 4012
    - path: src/utils/seed.py
      hash: md5
      md5: 963a551c177450f50e4f11bd1a9ab2c7
      size: 437
    params:
      params.yaml:
        train:
          seed: 77
          lr: 0.001
          epochs: 5
          conv_size_1: 32
          conv_size_2: 32
          dense_size: 64
          output_classes: 6
    outs:
    - path: model
      hash: md5
      md5: 9d9f6b974b38022bb1b549e3a4e95fde.dir
      size: 1928699
      nfiles: 2
  evaluate:
    cmd: python3.12 src/evaluate.py model data/prepared
    deps:
    - path: model
      hash: md5
      md5: 9d9f6b974b38022bb1b549e3a4e95fde.dir
      size: 1928699
      nfiles: 2
    - path: src/evaluate.py
      hash: md5
      md5: 2cfc22b35fb1b932a6ec8c46aa23fea4
      size: 5480
    outs:
    - path: evaluation/metrics.json
      hash: md5
      md5: 307a47ff604632aaeca11cf3d3c10946
      size: 62
    - path: evaluation/plots/confusion_matrix.png
      hash: md5
      md5: 7271516b98525ec57ca58644c6c26ec1
      size: 40983
    - path: evaluation/plots/pred_preview.png
      hash: md5
      md5: a6fc311b7d91aac0a48742da1ac68191
      size: 49397
    - path: evaluation/plots/training_history.png
      hash: md5
      md5: d41bb178db3a0cd57943837116700739
      size: 36044
