schema: '2.0'
stages:
  prepare:
    cmd: uv run src/prepare.py data/raw data/prepared
    deps:
    - path: data/raw
      hash: md5
      md5: ff01c381c7147a9f8be74cfd475b1cf5.dir
      size: 126523292
      nfiles: 13901
    - path: src/prepare.py
      hash: md5
      md5: 4eebf010d346897091c0a342aece4940
      size: 2513
    - path: src/utils/seed.py
      hash: md5
      md5: 963a551c177450f50e4f11bd1a9ab2c7
      size: 437
    params:
      params.yaml:
        prepare:
          seed: 77
          split: 0.2
          image_size:
          - 32
          - 32
          grayscale: true
    outs:
    - path: data/prepared
      hash: md5
      md5: a7c17fdea5e551758001cec8bd0d603c.dir
      size: 57060340
      nfiles: 8
  train:
    cmd: uv run src/train.py data/prepared model
    deps:
    - path: data/prepared
      hash: md5
      md5: a7c17fdea5e551758001cec8bd0d603c.dir
      size: 57060340
      nfiles: 8
    - path: src/train.py
      hash: md5
      md5: 3d0c2a89715d3f4f19d7466117e248e2
      size: 3867
    - path: src/utils/seed.py
      hash: md5
      md5: 963a551c177450f50e4f11bd1a9ab2c7
      size: 437
    params:
      params.yaml:
        train:
          seed: 77
          lr: 0.001
          epochs: 5
          conv_size: 32
          dense_size: 64
          output_classes: 6
    outs:
    - path: model
      hash: md5
      md5: fc1b3714d56e7cee0419275ad57642e3.dir
      size: 8051799
      nfiles: 2
  evaluate:
    cmd: uv run src/evaluate.py model data/prepared
    deps:
    - path: model
      hash: md5
      md5: fc1b3714d56e7cee0419275ad57642e3.dir
      size: 8051799
      nfiles: 2
    - path: src/evaluate.py
      hash: md5
      md5: 4d4d3d3269968490e7bdfde82f5feee1
      size: 5502
    outs:
    - path: evaluation/metrics.json
      hash: md5
      md5: 63d0ea4ad71304447accbb428c5974a4
      size: 63
    - path: evaluation/plots/confusion_matrix.png
      hash: md5
      md5: 8159c3a99a800e7782df9ffeb28b929b
      size: 41314
    - path: evaluation/plots/pred_preview.png
      hash: md5
      md5: 8b402871a9dd73b7f50cae712656900c
      size: 50390
    - path: evaluation/plots/training_history.png
      hash: md5
      md5: c05bda4f3b5bde3f72f68b0439c89ed0
      size: 39031
